// !$*UTF8*$!
{
	archiveVersion = 1;
	classes = {
	};
	objectVersion = 56;
	objects = {

/* Begin PBXBuildFile section */
		39431A3F29F05D5A003E3552 /* TagListView.swift in Sources */ = {isa = PBXBuildFile; fileRef = 39431A3E29F05D5A003E3552 /* TagListView.swift */; };
		3961DB3329DDBCA700919144 /* QuoteRepository.swift in Sources */ = {isa = PBXBuildFile; fileRef = 3961DB3229DDBCA700919144 /* QuoteRepository.swift */; };
		3961DB3429DDBD1A00919144 /* QuoteProvider.swift in Sources */ = {isa = PBXBuildFile; fileRef = 39BA804829DDB2AE0022DFEA /* QuoteProvider.swift */; };
		3971BC282A2FDA350065614B /* TabBarView.swift in Sources */ = {isa = PBXBuildFile; fileRef = 3971BC272A2FDA350065614B /* TabBarView.swift */; };
		3971BC2B2A2FDFA10065614B /* FavListView.swift in Sources */ = {isa = PBXBuildFile; fileRef = 3971BC2A2A2FDFA10065614B /* FavListView.swift */; };
		3971BC2D2A2FE7850065614B /* FavListViewModel.swift in Sources */ = {isa = PBXBuildFile; fileRef = 3971BC2C2A2FE7850065614B /* FavListViewModel.swift */; };
		397659D729F06039007E5AAA /* TagCellView.swift in Sources */ = {isa = PBXBuildFile; fileRef = 397659D629F06039007E5AAA /* TagCellView.swift */; };
		39BA7FF629DDA59B0022DFEA /* RandomQuoteApp.swift in Sources */ = {isa = PBXBuildFile; fileRef = 39BA7FF529DDA59B0022DFEA /* RandomQuoteApp.swift */; };
		39BA7FF829DDA59B0022DFEA /* RandomView.swift in Sources */ = {isa = PBXBuildFile; fileRef = 39BA7FF729DDA59B0022DFEA /* RandomView.swift */; };
		39BA7FFA29DDA59D0022DFEA /* Assets.xcassets in Resources */ = {isa = PBXBuildFile; fileRef = 39BA7FF929DDA59D0022DFEA /* Assets.xcassets */; };
		39BA7FFD29DDA59D0022DFEA /* Preview Assets.xcassets in Resources */ = {isa = PBXBuildFile; fileRef = 39BA7FFC29DDA59D0022DFEA /* Preview Assets.xcassets */; };
		39BA803329DDACA30022DFEA /* package-models in Frameworks */ = {isa = PBXBuildFile; productRef = 39BA803229DDACA30022DFEA /* package-models */; };
		39BA803529DDACA70022DFEA /* package-networking in Frameworks */ = {isa = PBXBuildFile; productRef = 39BA803429DDACA70022DFEA /* package-networking */; };
		39BA804329DDB2550022DFEA /* RandomViewModel.swift in Sources */ = {isa = PBXBuildFile; fileRef = 39BA804229DDB2550022DFEA /* RandomViewModel.swift */; };
		39BA805829DDB2AE0022DFEA /* API.swift in Sources */ = {isa = PBXBuildFile; fileRef = 39BA804C29DDB2AE0022DFEA /* API.swift */; };
		39BBAFA52A00207B00A486BD /* TagListViewModel.swift in Sources */ = {isa = PBXBuildFile; fileRef = 39BBAFA42A00207B00A486BD /* TagListViewModel.swift */; };
		39F966D829F865570065A59A /* HomeView.swift in Sources */ = {isa = PBXBuildFile; fileRef = 39F966D729F865570065A59A /* HomeView.swift */; };
/* End PBXBuildFile section */

/* Begin PBXFileReference section */
		39431A3E29F05D5A003E3552 /* TagListView.swift */ = {isa = PBXFileReference; lastKnownFileType = sourcecode.swift; path = TagListView.swift; sourceTree = "<group>"; };
		3961DB3229DDBCA700919144 /* QuoteRepository.swift */ = {isa = PBXFileReference; lastKnownFileType = sourcecode.swift; path = QuoteRepository.swift; sourceTree = "<group>"; };
		3971BC272A2FDA350065614B /* TabBarView.swift */ = {isa = PBXFileReference; lastKnownFileType = sourcecode.swift; path = TabBarView.swift; sourceTree = "<group>"; };
		3971BC2A2A2FDFA10065614B /* FavListView.swift */ = {isa = PBXFileReference; lastKnownFileType = sourcecode.swift; path = FavListView.swift; sourceTree = "<group>"; };
		3971BC2C2A2FE7850065614B /* FavListViewModel.swift */ = {isa = PBXFileReference; lastKnownFileType = sourcecode.swift; path = FavListViewModel.swift; sourceTree = "<group>"; };
		397659D629F06039007E5AAA /* TagCellView.swift */ = {isa = PBXFileReference; lastKnownFileType = sourcecode.swift; path = TagCellView.swift; sourceTree = "<group>"; };
		39BA7FF229DDA59B0022DFEA /* RandomQuote.app */ = {isa = PBXFileReference; explicitFileType = wrapper.application; includeInIndex = 0; path = RandomQuote.app; sourceTree = BUILT_PRODUCTS_DIR; };
		39BA7FF529DDA59B0022DFEA /* RandomQuoteApp.swift */ = {isa = PBXFileReference; lastKnownFileType = sourcecode.swift; path = RandomQuoteApp.swift; sourceTree = "<group>"; };
		39BA7FF729DDA59B0022DFEA /* RandomView.swift */ = {isa = PBXFileReference; lastKnownFileType = sourcecode.swift; path = RandomView.swift; sourceTree = "<group>"; };
		39BA7FF929DDA59D0022DFEA /* Assets.xcassets */ = {isa = PBXFileReference; lastKnownFileType = folder.assetcatalog; path = Assets.xcassets; sourceTree = "<group>"; };
		39BA7FFC29DDA59D0022DFEA /* Preview Assets.xcassets */ = {isa = PBXFileReference; lastKnownFileType = folder.assetcatalog; path = "Preview Assets.xcassets"; sourceTree = "<group>"; };
		39BA803029DDAC6F0022DFEA /* package-models */ = {isa = PBXFileReference; lastKnownFileType = wrapper; name = "package-models"; path = "../DemoResources/package-models"; sourceTree = "<group>"; };
		39BA803129DDAC720022DFEA /* package-networking */ = {isa = PBXFileReference; lastKnownFileType = wrapper; name = "package-networking"; path = "../DemoResources/package-networking"; sourceTree = "<group>"; };
		39BA804229DDB2550022DFEA /* RandomViewModel.swift */ = {isa = PBXFileReference; lastKnownFileType = sourcecode.swift; path = RandomViewModel.swift; sourceTree = "<group>"; };
		39BA804829DDB2AE0022DFEA /* QuoteProvider.swift */ = {isa = PBXFileReference; lastKnownFileType = sourcecode.swift; path = QuoteProvider.swift; sourceTree = "<group>"; };
		39BA804C29DDB2AE0022DFEA /* API.swift */ = {isa = PBXFileReference; lastKnownFileType = sourcecode.swift; name = API.swift; path = ../../../DemoResources/Networking/API.swift; sourceTree = "<group>"; };
		39BBAFA42A00207B00A486BD /* TagListViewModel.swift */ = {isa = PBXFileReference; lastKnownFileType = sourcecode.swift; path = TagListViewModel.swift; sourceTree = "<group>"; };
		39F966D729F865570065A59A /* HomeView.swift */ = {isa = PBXFileReference; lastKnownFileType = sourcecode.swift; path = HomeView.swift; sourceTree = "<group>"; };
/* End PBXFileReference section */

/* Begin PBXFrameworksBuildPhase section */
		39BA7FEF29DDA59B0022DFEA /* Frameworks */ = {
			isa = PBXFrameworksBuildPhase;
			buildActionMask = 2147483647;
			files = (
				39BA803329DDACA30022DFEA /* package-models in Frameworks */,
				39BA803529DDACA70022DFEA /* package-networking in Frameworks */,
			);
			runOnlyForDeploymentPostprocessing = 0;
		};
/* End PBXFrameworksBuildPhase section */

/* Begin PBXGroup section */
		3971BC262A2FD9D80065614B /* TabBar */ = {
			isa = PBXGroup;
			children = (
				3971BC272A2FDA350065614B /* TabBarView.swift */,
			);
			path = TabBar;
			sourceTree = "<group>";
		};
		3971BC292A2FDF8E0065614B /* Favorites */ = {
			isa = PBXGroup;
			children = (
				3971BC2A2A2FDFA10065614B /* FavListView.swift */,
				3971BC2C2A2FE7850065614B /* FavListViewModel.swift */,
			);
			path = Favorites;
			sourceTree = "<group>";
		};
		39BA7FE929DDA59B0022DFEA = {
			isa = PBXGroup;
			children = (
				39BA7FF429DDA59B0022DFEA /* RandomQuote */,
				39BA7FF329DDA59B0022DFEA /* Products */,
				39BA802729DDAC660022DFEA /* Frameworks */,
			);
			sourceTree = "<group>";
		};
		39BA7FF329DDA59B0022DFEA /* Products */ = {
			isa = PBXGroup;
			children = (
				39BA7FF229DDA59B0022DFEA /* RandomQuote.app */,
			);
			name = Products;
			sourceTree = "<group>";
		};
		39BA7FF429DDA59B0022DFEA /* RandomQuote */ = {
			isa = PBXGroup;
			children = (
				39BA804429DDB2AE0022DFEA /* Networking */,
				39BA7FF529DDA59B0022DFEA /* RandomQuoteApp.swift */,
				3971BC292A2FDF8E0065614B /* Favorites */,
				3971BC262A2FD9D80065614B /* TabBar */,
				39BBAFA72A002EB800A486BD /* RandomQuote */,
				39BBAFA82A002EC800A486BD /* Home */,
				39BBAFA62A002E5600A486BD /* TagList */,
				39BA7FF929DDA59D0022DFEA /* Assets.xcassets */,
				39BA7FFB29DDA59D0022DFEA /* Preview Content */,
			);
			path = RandomQuote;
			sourceTree = "<group>";
		};
		39BA7FFB29DDA59D0022DFEA /* Preview Content */ = {
			isa = PBXGroup;
			children = (
				39BA7FFC29DDA59D0022DFEA /* Preview Assets.xcassets */,
			);
			path = "Preview Content";
			sourceTree = "<group>";
		};
		39BA802729DDAC660022DFEA /* Frameworks */ = {
			isa = PBXGroup;
			children = (
				39BA803129DDAC720022DFEA /* package-networking */,
				39BA803029DDAC6F0022DFEA /* package-models */,
			);
			name = Frameworks;
			sourceTree = "<group>";
		};
		39BA804429DDB2AE0022DFEA /* Networking */ = {
			isa = PBXGroup;
			children = (
				39BA804729DDB2AE0022DFEA /* Provider */,
				39BA804D29DDB2AE0022DFEA /* Repositories */,
				39BA804C29DDB2AE0022DFEA /* API.swift */,
			);
			path = Networking;
			sourceTree = "<group>";
		};
		39BA804729DDB2AE0022DFEA /* Provider */ = {
			isa = PBXGroup;
			children = (
				39BA804829DDB2AE0022DFEA /* QuoteProvider.swift */,
			);
			path = Provider;
			sourceTree = "<group>";
		};
		39BA804D29DDB2AE0022DFEA /* Repositories */ = {
			isa = PBXGroup;
			children = (
				3961DB3229DDBCA700919144 /* QuoteRepository.swift */,
			);
			path = Repositories;
			sourceTree = "<group>";
		};
		39BBAFA62A002E5600A486BD /* TagList */ = {
			isa = PBXGroup;
			children = (
				39431A3E29F05D5A003E3552 /* TagListView.swift */,
				397659D629F06039007E5AAA /* TagCellView.swift */,
				39BBAFA42A00207B00A486BD /* TagListViewModel.swift */,
			);
			path = TagList;
			sourceTree = "<group>";
		};
		39BBAFA72A002EB800A486BD /* RandomQuote */ = {
			isa = PBXGroup;
			children = (
				39BA804229DDB2550022DFEA /* RandomViewModel.swift */,
				39BA7FF729DDA59B0022DFEA /* RandomView.swift */,
			);
			path = RandomQuote;
			sourceTree = "<group>";
		};
		39BBAFA82A002EC800A486BD /* Home */ = {
			isa = PBXGroup;
			children = (
				39F966D729F865570065A59A /* HomeView.swift */,
			);
			path = Home;
			sourceTree = "<group>";
		};
/* End PBXGroup section */

/* Begin PBXNativeTarget section */
		39BA7FF129DDA59B0022DFEA /* RandomQuote */ = {
			isa = PBXNativeTarget;
			buildConfigurationList = 39BA800029DDA59D0022DFEA /* Build configuration list for PBXNativeTarget "RandomQuote" */;
			buildPhases = (
				39BA7FEE29DDA59B0022DFEA /* Sources */,
				39BA7FEF29DDA59B0022DFEA /* Frameworks */,
				39BA7FF029DDA59B0022DFEA /* Resources */,
			);
			buildRules = (
			);
			dependencies = (
			);
			name = RandomQuote;
			packageProductDependencies = (
				39BA803229DDACA30022DFEA /* package-models */,
				39BA803429DDACA70022DFEA /* package-networking */,
			);
			productName = RandomQuote;
			productReference = 39BA7FF229DDA59B0022DFEA /* RandomQuote.app */;
			productType = "com.apple.product-type.application";
		};
/* End PBXNativeTarget section */

/* Begin PBXProject section */
		39BA7FEA29DDA59B0022DFEA /* Project object */ = {
			isa = PBXProject;
			attributes = {
				BuildIndependentTargetsInParallel = 1;
				LastSwiftUpdateCheck = 1420;
				LastUpgradeCheck = 1420;
				TargetAttributes = {
					39BA7FF129DDA59B0022DFEA = {
						CreatedOnToolsVersion = 14.2;
					};
				};
			};
			buildConfigurationList = 39BA7FED29DDA59B0022DFEA /* Build configuration list for PBXProject "RandomQuote" */;
			compatibilityVersion = "Xcode 14.0";
			developmentRegion = en;
			hasScannedForEncodings = 0;
			knownRegions = (
				en,
				Base,
			);
			mainGroup = 39BA7FE929DDA59B0022DFEA;
			productRefGroup = 39BA7FF329DDA59B0022DFEA /* Products */;
			projectDirPath = "";
			projectRoot = "";
			targets = (
				39BA7FF129DDA59B0022DFEA /* RandomQuote */,
			);
		};
/* End PBXProject section */

/* Begin PBXResourcesBuildPhase section */
		39BA7FF029DDA59B0022DFEA /* Resources */ = {
			isa = PBXResourcesBuildPhase;
			buildActionMask = 2147483647;
			files = (
				39BA7FFD29DDA59D0022DFEA /* Preview Assets.xcassets in Resources */,
				39BA7FFA29DDA59D0022DFEA /* Assets.xcassets in Resources */,
			);
			runOnlyForDeploymentPostprocessing = 0;
		};
/* End PBXResourcesBuildPhase section */

/* Begin PBXSourcesBuildPhase section */
		39BA7FEE29DDA59B0022DFEA /* Sources */ = {
			isa = PBXSourcesBuildPhase;
			buildActionMask = 2147483647;
			files = (
				39F966D829F865570065A59A /* HomeView.swift in Sources */,
				3971BC282A2FDA350065614B /* TabBarView.swift in Sources */,
				39BA7FF829DDA59B0022DFEA /* RandomView.swift in Sources */,
				3971BC2D2A2FE7850065614B /* FavListViewModel.swift in Sources */,
				3971BC2B2A2FDFA10065614B /* FavListView.swift in Sources */,
				39BA804329DDB2550022DFEA /* RandomViewModel.swift in Sources */,
				3961DB3329DDBCA700919144 /* QuoteRepository.swift in Sources */,
				397659D729F06039007E5AAA /* TagCellView.swift in Sources */,
				39431A3F29F05D5A003E3552 /* TagListView.swift in Sources */,
				3961DB3429DDBD1A00919144 /* QuoteProvider.swift in Sources */,
				39BBAFA52A00207B00A486BD /* TagListViewModel.swift in Sources */,
				39BA7FF629DDA59B0022DFEA /* RandomQuoteApp.swift in Sources */,
				39BA805829DDB2AE0022DFEA /* API.swift in Sources */,
			);
			runOnlyForDeploymentPostprocessing = 0;
		};
/* End PBXSourcesBuildPhase section */

/* Begin XCBuildConfiguration section */
		39BA7FFE29DDA59D0022DFEA /* Debug */ = {
			isa = XCBuildConfiguration;
			buildSettings = {
				ALWAYS_SEARCH_USER_PATHS = NO;
				CLANG_ANALYZER_NONNULL = YES;
				CLANG_ANALYZER_NUMBER_OBJECT_CONVERSION = YES_AGGRESSIVE;
				CLANG_CXX_LANGUAGE_STANDARD = "gnu++20";
				CLANG_ENABLE_MODULES = YES;
				CLANG_ENABLE_OBJC_ARC = YES;
				CLANG_ENABLE_OBJC_WEAK = YES;
				CLANG_WARN_BLOCK_CAPTURE_AUTORELEASING = YES;
				CLANG_WARN_BOOL_CONVERSION = YES;
				CLANG_WARN_COMMA = YES;
				CLANG_WARN_CONSTANT_CONVERSION = YES;
				CLANG_WARN_DEPRECATED_OBJC_IMPLEMENTATIONS = YES;
				CLANG_WARN_DIRECT_OBJC_ISA_USAGE = YES_ERROR;
				CLANG_WARN_DOCUMENTATION_COMMENTS = YES;
				CLANG_WARN_EMPTY_BODY = YES;
				CLANG_WARN_ENUM_CONVERSION = YES;
				CLANG_WARN_INFINITE_RECURSION = YES;
				CLANG_WARN_INT_CONVERSION = YES;
				CLANG_WARN_NON_LITERAL_NULL_CONVERSION = YES;
				CLANG_WARN_OBJC_IMPLICIT_RETAIN_SELF = YES;
				CLANG_WARN_OBJC_LITERAL_CONVERSION = YES;
				CLANG_WARN_OBJC_ROOT_CLASS = YES_ERROR;
				CLANG_WARN_QUOTED_INCLUDE_IN_FRAMEWORK_HEADER = YES;
				CLANG_WARN_RANGE_LOOP_ANALYSIS = YES;
				CLANG_WARN_STRICT_PROTOTYPES = YES;
				CLANG_WARN_SUSPICIOUS_MOVE = YES;
				CLANG_WARN_UNGUARDED_AVAILABILITY = YES_AGGRESSIVE;
				CLANG_WARN_UNREACHABLE_CODE = YES;
				CLANG_WARN__DUPLICATE_METHOD_MATCH = YES;
				COPY_PHASE_STRIP = NO;
				DEBUG_INFORMATION_FORMAT = dwarf;
				ENABLE_STRICT_OBJC_MSGSEND = YES;
				ENABLE_TESTABILITY = YES;
				GCC_C_LANGUAGE_STANDARD = gnu11;
				GCC_DYNAMIC_NO_PIC = NO;
				GCC_NO_COMMON_BLOCKS = YES;
				GCC_OPTIMIZATION_LEVEL = 0;
				GCC_PREPROCESSOR_DEFINITIONS = (
					"DEBUG=1",
					"$(inherited)",
				);
				GCC_WARN_64_TO_32_BIT_CONVERSION = YES;
				GCC_WARN_ABOUT_RETURN_TYPE = YES_ERROR;
				GCC_WARN_UNDECLARED_SELECTOR = YES;
				GCC_WARN_UNINITIALIZED_AUTOS = YES_AGGRESSIVE;
				GCC_WARN_UNUSED_FUNCTION = YES;
				GCC_WARN_UNUSED_VARIABLE = YES;
				IPHONEOS_DEPLOYMENT_TARGET = 16.2;
				MTL_ENABLE_DEBUG_INFO = INCLUDE_SOURCE;
				MTL_FAST_MATH = YES;
				ONLY_ACTIVE_ARCH = YES;
				SDKROOT = iphoneos;
				SWIFT_ACTIVE_COMPILATION_CONDITIONS = DEBUG;
				SWIFT_OPTIMIZATION_LEVEL = "-Onone";
			};
			name = Debug;
		};
		39BA7FFF29DDA59D0022DFEA /* Release */ = {
			isa = XCBuildConfiguration;
			buildSettings = {
				ALWAYS_SEARCH_USER_PATHS = NO;
				CLANG_ANALYZER_NONNULL = YES;
				CLANG_ANALYZER_NUMBER_OBJECT_CONVERSION = YES_AGGRESSIVE;
				CLANG_CXX_LANGUAGE_STANDARD = "gnu++20";
				CLANG_ENABLE_MODULES = YES;
				CLANG_ENABLE_OBJC_ARC = YES;
				CLANG_ENABLE_OBJC_WEAK = YES;
				CLANG_WARN_BLOCK_CAPTURE_AUTORELEASING = YES;
				CLANG_WARN_BOOL_CONVERSION = YES;
				CLANG_WARN_COMMA = YES;
				CLANG_WARN_CONSTANT_CONVERSION = YES;
				CLANG_WARN_DEPRECATED_OBJC_IMPLEMENTATIONS = YES;
				CLANG_WARN_DIRECT_OBJC_ISA_USAGE = YES_ERROR;
				CLANG_WARN_DOCUMENTATION_COMMENTS = YES;
				CLANG_WARN_EMPTY_BODY = YES;
				CLANG_WARN_ENUM_CONVERSION = YES;
				CLANG_WARN_INFINITE_RECURSION = YES;
				CLANG_WARN_INT_CONVERSION = YES;
				CLANG_WARN_NON_LITERAL_NULL_CONVERSION = YES;
				CLANG_WARN_OBJC_IMPLICIT_RETAIN_SELF = YES;
				CLANG_WARN_OBJC_LITERAL_CONVERSION = YES;
				CLANG_WARN_OBJC_ROOT_CLASS = YES_ERROR;
				CLANG_WARN_QUOTED_INCLUDE_IN_FRAMEWORK_HEADER = YES;
				CLANG_WARN_RANGE_LOOP_ANALYSIS = YES;
				CLANG_WARN_STRICT_PROTOTYPES = YES;
				CLANG_WARN_SUSPICIOUS_MOVE = YES;
				CLANG_WARN_UNGUARDED_AVAILABILITY = YES_AGGRESSIVE;
				CLANG_WARN_UNREACHABLE_CODE = YES;
				CLANG_WARN__DUPLICATE_METHOD_MATCH = YES;
				COPY_PHASE_STRIP = NO;
				DEBUG_INFORMATION_FORMAT = "dwarf-with-dsym";
				ENABLE_NS_ASSERTIONS = NO;
				ENABLE_STRICT_OBJC_MSGSEND = YES;
				GCC_C_LANGUAGE_STANDARD = gnu11;
				GCC_NO_COMMON_BLOCKS = YES;
				GCC_WARN_64_TO_32_BIT_CONVERSION = YES;
				GCC_WARN_ABOUT_RETURN_TYPE = YES_ERROR;
				GCC_WARN_UNDECLARED_SELECTOR = YES;
				GCC_WARN_UNINITIALIZED_AUTOS = YES_AGGRESSIVE;
				GCC_WARN_UNUSED_FUNCTION = YES;
				GCC_WARN_UNUSED_VARIABLE = YES;
				IPHONEOS_DEPLOYMENT_TARGET = 16.2;
				MTL_ENABLE_DEBUG_INFO = NO;
				MTL_FAST_MATH = YES;
				SDKROOT = iphoneos;
				SWIFT_COMPILATION_MODE = wholemodule;
				SWIFT_OPTIMIZATION_LEVEL = "-O";
				VALIDATE_PRODUCT = YES;
			};
			name = Release;
		};
		39BA800129DDA59D0022DFEA /* Debug */ = {
			isa = XCBuildConfiguration;
			buildSettings = {
				ASSETCATALOG_COMPILER_APPICON_NAME = AppIcon;
				ASSETCATALOG_COMPILER_GLOBAL_ACCENT_COLOR_NAME = AccentColor;
				CODE_SIGN_STYLE = Automatic;
				CURRENT_PROJECT_VERSION = 1;
				DEVELOPMENT_ASSET_PATHS = "\"RandomQuote/Preview Content\"";
				DEVELOPMENT_TEAM = 47829P7SVL;
				ENABLE_PREVIEWS = YES;
				GENERATE_INFOPLIST_FILE = YES;
				INFOPLIST_KEY_UIApplicationSceneManifest_Generation = YES;
				INFOPLIST_KEY_UIApplicationSupportsIndirectInputEvents = YES;
				INFOPLIST_KEY_UILaunchScreen_Generation = YES;
				INFOPLIST_KEY_UISupportedInterfaceOrientations_iPad = "UIInterfaceOrientationPortrait UIInterfaceOrientationPortraitUpsideDown UIInterfaceOrientationLandscapeLeft UIInterfaceOrientationLandscapeRight";
				INFOPLIST_KEY_UISupportedInterfaceOrientations_iPhone = "UIInterfaceOrientationPortrait UIInterfaceOrientationLandscapeLeft UIInterfaceOrientationLandscapeRight";
				LD_RUNPATH_SEARCH_PATHS = (
					"$(inherited)",
					"@executable_path/Frameworks",
				);
				MARKETING_VERSION = 1.0;
				PRODUCT_BUNDLE_IDENTIFIER = yuni.RandomQuote;
				PRODUCT_NAME = "$(TARGET_NAME)";
				SWIFT_EMIT_LOC_STRINGS = YES;
				SWIFT_VERSION = 5.0;
				TARGETED_DEVICE_FAMILY = "1,2";
			};
			name = Debug;
		};
		39BA800229DDA59D0022DFEA /* Release */ = {
			isa = XCBuildConfiguration;
			buildSettings = {
				ASSETCATALOG_COMPILER_APPICON_NAME = AppIcon;
				ASSETCATALOG_COMPILER_GLOBAL_ACCENT_COLOR_NAME = AccentColor;
				CODE_SIGN_STYLE = Automatic;
				CURRENT_PROJECT_VERSION = 1;
				DEVELOPMENT_ASSET_PATHS = "\"RandomQuote/Preview Content\"";
				DEVELOPMENT_TEAM = 47829P7SVL;
				ENABLE_PREVIEWS = YES;
				GENERATE_INFOPLIST_FILE = YES;
				INFOPLIST_KEY_UIApplicationSceneManifest_Generation = YES;
				INFOPLIST_KEY_UIApplicationSupportsIndirectInputEvents = YES;
				INFOPLIST_KEY_UILaunchScreen_Generation = YES;
				INFOPLIST_KEY_UISupportedInterfaceOrientations_iPad = "UIInterfaceOrientationPortrait UIInterfaceOrientationPortraitUpsideDown UIInterfaceOrientationLandscapeLeft UIInterfaceOrientationLandscapeRight";
				INFOPLIST_KEY_UISupportedInterfaceOrientations_iPhone = "UIInterfaceOrientationPortrait UIInterfaceOrientationLandscapeLeft UIInterfaceOrientationLandscapeRight";
				LD_RUNPATH_SEARCH_PATHS = (
					"$(inherited)",
					"@executable_path/Frameworks",
				);
				MARKETING_VERSION = 1.0;
				PRODUCT_BUNDLE_IDENTIFIER = yuni.RandomQuote;
				PRODUCT_NAME = "$(TARGET_NAME)";
				SWIFT_EMIT_LOC_STRINGS = YES;
				SWIFT_VERSION = 5.0;
				TARGETED_DEVICE_FAMILY = "1,2";
			};
			name = Release;
		};
/* End XCBuildConfiguration section */

/* Begin XCConfigurationList section */
		39BA7FED29DDA59B0022DFEA /* Build configuration list for PBXProject "RandomQuote" */ = {
			isa = XCConfigurationList;
			buildConfigurations = (
				39BA7FFE29DDA59D0022DFEA /* Debug */,
				39BA7FFF29DDA59D0022DFEA /* Release */,
			);
			defaultConfigurationIsVisible = 0;
			defaultConfigurationName = Release;
		};
		39BA800029DDA59D0022DFEA /* Build configuration list for PBXNativeTarget "RandomQuote" */ = {
			isa = XCConfigurationList;
			buildConfigurations = (
				39BA800129DDA59D0022DFEA /* Debug */,
				39BA800229DDA59D0022DFEA /* Release */,
			);
			defaultConfigurationIsVisible = 0;
			defaultConfigurationName = Release;
		};
/* End XCConfigurationList section */

/* Begin XCSwiftPackageProductDependency section */
		39BA803229DDACA30022DFEA /* package-models */ = {
			isa = XCSwiftPackageProductDependency;
			productName = "package-models";
		};
		39BA803429DDACA70022DFEA /* package-networking */ = {
			isa = XCSwiftPackageProductDependency;
			productName = "package-networking";
		};
/* End XCSwiftPackageProductDependency section */
	};
	rootObject = 39BA7FEA29DDA59B0022DFEA /* Project object */;
}
